
Microsoft Visual Studio Solution File, Format Version 12.00
# Visual Studio Version 17
VisualStudioVersion = 17.3.32929.385
MinimumVisualStudioVersion = 10.0.40219.1
Project("{2150E333-8FDC-42A3-9474-1A3956D46DE8}") = "Core", "Core", "{331D5D37-AA8E-4FDC-A402-C0F9777758B7}"
EndProject
Project("{2150E333-8FDC-42A3-9474-1A3956D46DE8}") = "Presentation", "Presentation", "{555682D1-55B9-4FDF-9B46-CB81164B096C}"
EndProject
Project("{2150E333-8FDC-42A3-9474-1A3956D46DE8}") = "Infrastructure", "Infrastructure", "{CFED6065-765D-41D5-B979-8F5E8D3AC6A5}"
EndProject
Project("{9A19103F-16F7-4668-BE54-9A1E7A4F7556}") = "Screenshoter.Application", "Sceenshoter.Application\Screenshoter.Application.csproj", "{7EC0A804-72A8-4371-8592-F5BAB4D091FA}"
EndProject
Project("{9A19103F-16F7-4668-BE54-9A1E7A4F7556}") = "Sceenshoter.Domain", "Sceenshoter.Domain\Sceenshoter.Domain.csproj", "{0070DE1F-DA34-4FDD-9078-3036A0BD5952}"
EndProject
Project("{9A19103F-16F7-4668-BE54-9A1E7A4F7556}") = "Screenshoter.Interaction", "Screenshoter.Interaction\Screenshoter.Interaction.csproj", "{B4671C1B-CC3D-48AC-B60A-FD93D67D0E96}"
EndProject
Project("{2150E333-8FDC-42A3-9474-1A3956D46DE8}") = "API", "API", "{4F718B11-A767-4DC0-BF46-51CF0762C159}"
EndProject
Project("{9A19103F-16F7-4668-BE54-9A1E7A4F7556}") = "Screenshoter.ASP.NET", "Screenshoter.ASP.NET\Screenshoter.ASP.NET.csproj", "{A7DC8E55-D37C-4E0A-986A-E1F24A84B31B}"
EndProject
Project("{FAE04EC0-301F-11D3-BF4B-00C04F79EFBC}") = "Screenshoter.WPF.UI", "Screenshoter.WPF.UI\Screenshoter.WPF.UI.csproj", "{020DA09C-02F4-4B5F-9483-F1015B148DDB}"
EndProject
Global
	GlobalSection(SolutionConfigurationPlatforms) = preSolution
		Debug|Any CPU = Debug|Any CPU
		Release|Any CPU = Release|Any CPU
	EndGlobalSection
	GlobalSection(ProjectConfigurationPlatforms) = postSolution
		{7EC0A804-72A8-4371-8592-F5BAB4D091FA}.Debug|Any CPU.ActiveCfg = Debug|Any CPU
		{7EC0A804-72A8-4371-8592-F5BAB4D091FA}.Debug|Any CPU.Build.0 = Debug|Any CPU
		{7EC0A804-72A8-4371-8592-F5BAB4D091FA}.Release|Any CPU.ActiveCfg = Release|Any CPU
		{7EC0A804-72A8-4371-8592-F5BAB4D091FA}.Release|Any CPU.Build.0 = Release|Any CPU
		{0070DE1F-DA34-4FDD-9078-3036A0BD5952}.Debug|Any CPU.ActiveCfg = Debug|Any CPU
		{0070DE1F-DA34-4FDD-9078-3036A0BD5952}.Debug|Any CPU.Build.0 = Debug|Any CPU
		{0070DE1F-DA34-4FDD-9078-3036A0BD5952}.Release|Any CPU.ActiveCfg = Release|Any CPU
		{0070DE1F-DA34-4FDD-9078-3036A0BD5952}.Release|Any CPU.Build.0 = Release|Any CPU
		{B4671C1B-CC3D-48AC-B60A-FD93D67D0E96}.Debug|Any CPU.ActiveCfg = Debug|Any CPU
		{B4671C1B-CC3D-48AC-B60A-FD93D67D0E96}.Debug|Any CPU.Build.0 = Debug|Any CPU
		{B4671C1B-CC3D-48AC-B60A-FD93D67D0E96}.Release|Any CPU.ActiveCfg = Release|Any CPU
		{B4671C1B-CC3D-48AC-B60A-FD93D67D0E96}.Release|Any CPU.Build.0 = Release|Any CPU
		{A7DC8E55-D37C-4E0A-986A-E1F24A84B31B}.Debug|Any CPU.ActiveCfg = Debug|Any CPU
		{A7DC8E55-D37C-4E0A-986A-E1F24A84B31B}.Debug|Any CPU.Build.0 = Debug|Any CPU
		{A7DC8E55-D37C-4E0A-986A-E1F24A84B31B}.Release|Any CPU.ActiveCfg = Release|Any CPU
		{A7DC8E55-D37C-4E0A-986A-E1F24A84B31B}.Release|Any CPU.Build.0 = Release|Any CPU
		{020DA09C-02F4-4B5F-9483-F1015B148DDB}.Debug|Any CPU.ActiveCfg = Debug|Any CPU
		{020DA09C-02F4-4B5F-9483-F1015B148DDB}.Debug|Any CPU.Build.0 = Debug|Any CPU
		{020DA09C-02F4-4B5F-9483-F1015B148DDB}.Release|Any CPU.ActiveCfg = Release|Any CPU
		{020DA09C-02F4-4B5F-9483-F1015B148DDB}.Release|Any CPU.Build.0 = Release|Any CPU
	EndGlobalSection
	GlobalSection(SolutionProperties) = preSolution
		HideSolutionNode = FALSE
	EndGlobalSection
	GlobalSection(NestedProjects) = preSolution
		{7EC0A804-72A8-4371-8592-F5BAB4D091FA} = {331D5D37-AA8E-4FDC-A402-C0F9777758B7}
		{0070DE1F-DA34-4FDD-9078-3036A0BD5952} = {331D5D37-AA8E-4FDC-A402-C0F9777758B7}
		{B4671C1B-CC3D-48AC-B60A-FD93D67D0E96} = {CFED6065-765D-41D5-B979-8F5E8D3AC6A5}
		{4F718B11-A767-4DC0-BF46-51CF0762C159} = {331D5D37-AA8E-4FDC-A402-C0F9777758B7}
		{A7DC8E55-D37C-4E0A-986A-E1F24A84B31B} = {4F718B11-A767-4DC0-BF46-51CF0762C159}
		{020DA09C-02F4-4B5F-9483-F1015B148DDB} = {555682D1-55B9-4FDF-9B46-CB81164B096C}
	EndGlobalSection
	GlobalSection(ExtensibilityGlobals) = postSolution
		SolutionGuid = {2B6B278B-56D1-4255-A6A3-F4DACA5539B9}
	EndGlobalSection
EndGlobal
